
Microsoft Visual Studio Solution File, Format Version 12.00
# Visual Studio Version 17
VisualStudioVersion = 17.0.31919.166
MinimumVisualStudioVersion = 10.0.40219.1
Project("{9A19103F-16F7-4668-BE54-9A1E7A4F7556}") = "ProjetoEscola", "ProjetoEscola.csproj", "{391B4B5D-0ABA-4B87-961F-48E37B7CB325}"
EndProject
Global
	GlobalSection(SolutionConfigurationPlatforms) = preSolution
		Debug|Any CPU = Debug|Any CPU
		Release|Any CPU = Release|Any CPU
	EndGlobalSection
	GlobalSection(ProjectConfigurationPlatforms) = postSolution
		{391B4B5D-0ABA-4B87-961F-48E37B7CB325}.Debug|Any CPU.ActiveCfg = Debug|Any CPU
		{391B4B5D-0ABA-4B87-961F-48E37B7CB325}.Debug|Any CPU.Build.0 = Debug|Any CPU
		{391B4B5D-0ABA-4B87-961F-48E37B7CB325}.Release|Any CPU.ActiveCfg = Release|Any CPU
		{391B4B5D-0ABA-4B87-961F-48E37B7CB325}.Release|Any CPU.Build.0 = Release|Any CPU
	EndGlobalSection
	GlobalSection(SolutionProperties) = preSolution
		HideSolutionNode = FALSE
	EndGlobalSection
	GlobalSection(ExtensibilityGlobals) = postSolution
		SolutionGuid = {F959048C-2F78-4EDC-ACBD-23675B857273}
	EndGlobalSection
EndGlobal
